
Microsoft Visual Studio Solution File, Format Version 12.00
# Visual Studio Version 16
VisualStudioVersion = 16.0.29709.97
MinimumVisualStudioVersion = 10.0.40219.1
Project("{FAE04EC0-301F-11D3-BF4B-00C04F79EFBC}") = "age_calculator", "age_calculator\age_calculator.csproj", "{A18534A7-97E8-47B0-AFD2-F544DEE0326F}"
EndProject
Global
	GlobalSection(SolutionConfigurationPlatforms) = preSolution
		Debug|Any CPU = Debug|Any CPU
		Release|Any CPU = Release|Any CPU
	EndGlobalSection
	GlobalSection(ProjectConfigurationPlatforms) = postSolution
		{A18534A7-97E8-47B0-AFD2-F544DEE0326F}.Debug|Any CPU.ActiveCfg = Debug|Any CPU
		{A18534A7-97E8-47B0-AFD2-F544DEE0326F}.Debug|Any CPU.Build.0 = Debug|Any CPU
		{A18534A7-97E8-47B0-AFD2-F544DEE0326F}.Release|Any CPU.ActiveCfg = Release|Any CPU
		{A18534A7-97E8-47B0-AFD2-F544DEE0326F}.Release|Any CPU.Build.0 = Release|Any CPU
	EndGlobalSection
	GlobalSection(SolutionProperties) = preSolution
		HideSolutionNode = FALSE
	EndGlobalSection
	GlobalSection(ExtensibilityGlobals) = postSolution
		SolutionGuid = {5F5C2EE0-4F2A-4B7F-B04F-E6AABA689503}
	EndGlobalSection
EndGlobal
